
Microsoft Visual Studio Solution File, Format Version 12.00
# Visual Studio Version 17
VisualStudioVersion = 17.2.32630.192
MinimumVisualStudioVersion = 10.0.40219.1
Project("{2150E333-8FDC-42A3-9474-1A3956D46DE8}") = "Common", "Common", "{E2917A97-72EE-4B6D-AED6-3B143B9D2C26}"
EndProject
Project("{2150E333-8FDC-42A3-9474-1A3956D46DE8}") = "Services", "Services", "{01DCC4C8-978E-4887-A386-CEE998E8ACC2}"
EndProject
Project("{9A19103F-16F7-4668-BE54-9A1E7A4F7556}") = "Bank.Common.Application", "Bank.Common.Application\Bank.Common.Application.csproj", "{6B182E04-C3CA-48CE-AA82-9AE51E84CBF6}"
EndProject
Project("{9A19103F-16F7-4668-BE54-9A1E7A4F7556}") = "Bank.Common.Domain", "Bank.Common.Domain\Bank.Common.Domain.csproj", "{7F8DCC0D-5750-4D2F-97A4-1A6011214A0E}"
EndProject
Project("{2150E333-8FDC-42A3-9474-1A3956D46DE8}") = "Transaction", "Transaction", "{4F8E1750-AF17-4D93-9B86-A6FBC7D0DCBF}"
EndProject
Project("{2150E333-8FDC-42A3-9474-1A3956D46DE8}") = "Client", "Client", "{B99154EE-1EF6-4352-A55A-6BB3C05BEB77}"
EndProject
Project("{2150E333-8FDC-42A3-9474-1A3956D46DE8}") = "Account", "Account", "{2452F403-471E-4070-B4ED-16B5F193E0E5}"
EndProject
Project("{2150E333-8FDC-42A3-9474-1A3956D46DE8}") = "1. Api", "1. Api", "{5B6F3F96-6ED7-44CA-99CC-C6DD4FE1BC15}"
EndProject
Project("{2150E333-8FDC-42A3-9474-1A3956D46DE8}") = "2. Core", "2. Core", "{64F323C7-10CA-48A6-9D9F-F698F2612C0E}"
EndProject
Project("{2150E333-8FDC-42A3-9474-1A3956D46DE8}") = "3. Infraestructure", "3. Infraestructure", "{A7EF4070-4668-4341-9B63-5F5A1E6F0EF0}"
EndProject
Project("{2150E333-8FDC-42A3-9474-1A3956D46DE8}") = "4. Test", "4. Test", "{C69F57D1-ADA5-4052-8417-059EE136C643}"
EndProject
Project("{2150E333-8FDC-42A3-9474-1A3956D46DE8}") = "1. Api", "1. Api", "{0ED5EBBC-06EA-48BB-BEA3-2934A76DA061}"
EndProject
Project("{2150E333-8FDC-42A3-9474-1A3956D46DE8}") = "2. Core", "2. Core", "{57452542-506E-484E-B9E3-5748C3BDCC0A}"
EndProject
Project("{2150E333-8FDC-42A3-9474-1A3956D46DE8}") = "3. Infraestructure", "3. Infraestructure", "{A96EB1E6-15D1-44B5-9903-A13539C2ACE3}"
EndProject
Project("{2150E333-8FDC-42A3-9474-1A3956D46DE8}") = "4. Test", "4. Test", "{4798E853-1F9C-43AA-B846-44B067CD1A14}"
EndProject
Project("{9A19103F-16F7-4668-BE54-9A1E7A4F7556}") = "Bank.Client.Api", "Bank.Client.Api\Bank.Client.Api.csproj", "{6950060A-8709-4CBC-8DF2-D816C94325D8}"
EndProject
Project("{9A19103F-16F7-4668-BE54-9A1E7A4F7556}") = "Bank.Client.Application", "Bank.Client.Application\Bank.Client.Application.csproj", "{99CEC03C-3B65-4B92-8C76-D20362ED35C6}"
EndProject
Project("{9A19103F-16F7-4668-BE54-9A1E7A4F7556}") = "Bank.Client.Domain", "Bank.Client.Domain\Bank.Client.Domain.csproj", "{80F1D750-F203-435F-A4AE-79A1DDDF2394}"
EndProject
Project("{9A19103F-16F7-4668-BE54-9A1E7A4F7556}") = "Bank.Client.Persistence", "Bank.Client.Persistence\Bank.Client.Persistence.csproj", "{CCE2269C-38AF-4E23-B6E7-BE7BF57561F8}"
EndProject
Project("{9A19103F-16F7-4668-BE54-9A1E7A4F7556}") = "Bank.Client.Test", "Bank.Client.Test\Bank.Client.Test.csproj", "{9EE85389-3520-4B45-8CA3-4EBB4D578405}"
EndProject
Project("{9A19103F-16F7-4668-BE54-9A1E7A4F7556}") = "Bank.Account.Api", "Bank.Account.Api\Bank.Account.Api.csproj", "{84EEAB89-5F8F-447B-80C0-F055DBC199D5}"
EndProject
Project("{9A19103F-16F7-4668-BE54-9A1E7A4F7556}") = "Bank.Account.Application", "Bank.Account.Application\Bank.Account.Application.csproj", "{2B2DD66B-CE1B-49BE-A3FA-90EAFBB72533}"
EndProject
Project("{9A19103F-16F7-4668-BE54-9A1E7A4F7556}") = "Bank.Account.Domain", "Bank.Account.Domain\Bank.Account.Domain.csproj", "{386E064C-077A-45F0-946A-08E753B85C7F}"
EndProject
Project("{9A19103F-16F7-4668-BE54-9A1E7A4F7556}") = "Bank.Account.Test", "Bank.Account.Test\Bank.Account.Test.csproj", "{4257B4E5-302A-42C4-B0C8-EF2E05F7B294}"
EndProject
Project("{2150E333-8FDC-42A3-9474-1A3956D46DE8}") = "1. Api", "1. Api", "{4B08E860-6968-430A-995F-5CE592BD2186}"
EndProject
Project("{2150E333-8FDC-42A3-9474-1A3956D46DE8}") = "2. Core", "2. Core", "{D767693E-B7B6-4245-8BB9-127A079597B8}"
EndProject
Project("{2150E333-8FDC-42A3-9474-1A3956D46DE8}") = "3. Infraestructure", "3. Infraestructure", "{253B2E9C-BE34-4C4D-8534-926C44C2455E}"
EndProject
Project("{2150E333-8FDC-42A3-9474-1A3956D46DE8}") = "4. Test", "4. Test", "{8979E4C9-1759-49A1-A10B-2D9DEEDD22D7}"
EndProject
Project("{9A19103F-16F7-4668-BE54-9A1E7A4F7556}") = "Bank.Transaction.Api", "Bank.Transaction.Api\Bank.Transaction.Api.csproj", "{96E50743-485D-46B3-9947-27A41AB6CC3A}"
EndProject
Project("{9A19103F-16F7-4668-BE54-9A1E7A4F7556}") = "Bank.Transaction.Application", "Bank.Transaction.Application\Bank.Transaction.Application.csproj", "{76D36682-D784-4886-AC04-4C61E997E751}"
EndProject
Project("{9A19103F-16F7-4668-BE54-9A1E7A4F7556}") = "Bank.Transaction.Domain", "Bank.Transaction.Domain\Bank.Transaction.Domain.csproj", "{A8652F3A-18F3-47DB-B2AB-19785800BDED}"
EndProject
Project("{9A19103F-16F7-4668-BE54-9A1E7A4F7556}") = "Bank.Transaction.Test", "Bank.Transaction.Test\Bank.Transaction.Test.csproj", "{64115472-7FC4-416C-B4BC-E7992C4F6354}"
EndProject
Project("{9A19103F-16F7-4668-BE54-9A1E7A4F7556}") = "Bank.Common.Security", "Bank.Common.Security\Bank.Common.Security.csproj", "{071722CB-3773-4DE7-87B4-CFFF49ACF489}"
EndProject
Project("{9A19103F-16F7-4668-BE54-9A1E7A4F7556}") = "Bank.Common.Test", "Bank.Common.Test\Bank.Common.Test.csproj", "{804A2088-C24A-4D27-9BC6-B62FFACEDD0F}"
EndProject
Project("{FAE04EC0-301F-11D3-BF4B-00C04F79EFBC}") = "Bank.Common.Utilities", "Bank.Common.Utilities\Bank.Common.Utilities.csproj", "{E731BFC8-3F39-4B7C-B022-F6C637EA245A}"
EndProject
Project("{FAE04EC0-301F-11D3-BF4B-00C04F79EFBC}") = "Bank.Account.Persistence", "Bank.Account.Persistence\Bank.Account.Persistence.csproj", "{E9088A0C-4423-4E6B-B572-53711AB888C1}"
EndProject
Project("{FAE04EC0-301F-11D3-BF4B-00C04F79EFBC}") = "Bank.Transaction.Persistence", "Bank.Transaction.Persistence\Bank.Transaction.Persistence.csproj", "{93ED8B6D-CF39-4576-84F1-2A0F38539078}"
EndProject
Global
	GlobalSection(SolutionConfigurationPlatforms) = preSolution
		Debug|Any CPU = Debug|Any CPU
		Release|Any CPU = Release|Any CPU
	EndGlobalSection
	GlobalSection(ProjectConfigurationPlatforms) = postSolution
		{6B182E04-C3CA-48CE-AA82-9AE51E84CBF6}.Debug|Any CPU.ActiveCfg = Debug|Any CPU
		{6B182E04-C3CA-48CE-AA82-9AE51E84CBF6}.Debug|Any CPU.Build.0 = Debug|Any CPU
		{6B182E04-C3CA-48CE-AA82-9AE51E84CBF6}.Release|Any CPU.ActiveCfg = Release|Any CPU
		{6B182E04-C3CA-48CE-AA82-9AE51E84CBF6}.Release|Any CPU.Build.0 = Release|Any CPU
		{7F8DCC0D-5750-4D2F-97A4-1A6011214A0E}.Debug|Any CPU.ActiveCfg = Debug|Any CPU
		{7F8DCC0D-5750-4D2F-97A4-1A6011214A0E}.Debug|Any CPU.Build.0 = Debug|Any CPU
		{7F8DCC0D-5750-4D2F-97A4-1A6011214A0E}.Release|Any CPU.ActiveCfg = Release|Any CPU
		{7F8DCC0D-5750-4D2F-97A4-1A6011214A0E}.Release|Any CPU.Build.0 = Release|Any CPU
		{6950060A-8709-4CBC-8DF2-D816C94325D8}.Debug|Any CPU.ActiveCfg = Debug|Any CPU
		{6950060A-8709-4CBC-8DF2-D816C94325D8}.Debug|Any CPU.Build.0 = Debug|Any CPU
		{6950060A-8709-4CBC-8DF2-D816C94325D8}.Release|Any CPU.ActiveCfg = Release|Any CPU
		{6950060A-8709-4CBC-8DF2-D816C94325D8}.Release|Any CPU.Build.0 = Release|Any CPU
		{99CEC03C-3B65-4B92-8C76-D20362ED35C6}.Debug|Any CPU.ActiveCfg = Debug|Any CPU
		{99CEC03C-3B65-4B92-8C76-D20362ED35C6}.Debug|Any CPU.Build.0 = Debug|Any CPU
		{99CEC03C-3B65-4B92-8C76-D20362ED35C6}.Release|Any CPU.ActiveCfg = Release|Any CPU
		{99CEC03C-3B65-4B92-8C76-D20362ED35C6}.Release|Any CPU.Build.0 = Release|Any CPU
		{80F1D750-F203-435F-A4AE-79A1DDDF2394}.Debug|Any CPU.ActiveCfg = Debug|Any CPU
		{80F1D750-F203-435F-A4AE-79A1DDDF2394}.Debug|Any CPU.Build.0 = Debug|Any CPU
		{80F1D750-F203-435F-A4AE-79A1DDDF2394}.Release|Any CPU.ActiveCfg = Release|Any CPU
		{80F1D750-F203-435F-A4AE-79A1DDDF2394}.Release|Any CPU.Build.0 = Release|Any CPU
		{CCE2269C-38AF-4E23-B6E7-BE7BF57561F8}.Debug|Any CPU.ActiveCfg = Debug|Any CPU
		{CCE2269C-38AF-4E23-B6E7-BE7BF57561F8}.Debug|Any CPU.Build.0 = Debug|Any CPU
		{CCE2269C-38AF-4E23-B6E7-BE7BF57561F8}.Release|Any CPU.ActiveCfg = Release|Any CPU
		{CCE2269C-38AF-4E23-B6E7-BE7BF57561F8}.Release|Any CPU.Build.0 = Release|Any CPU
		{9EE85389-3520-4B45-8CA3-4EBB4D578405}.Debug|Any CPU.ActiveCfg = Debug|Any CPU
		{9EE85389-3520-4B45-8CA3-4EBB4D578405}.Debug|Any CPU.Build.0 = Debug|Any CPU
		{9EE85389-3520-4B45-8CA3-4EBB4D578405}.Release|Any CPU.ActiveCfg = Release|Any CPU
		{9EE85389-3520-4B45-8CA3-4EBB4D578405}.Release|Any CPU.Build.0 = Release|Any CPU
		{84EEAB89-5F8F-447B-80C0-F055DBC199D5}.Debug|Any CPU.ActiveCfg = Debug|Any CPU
		{84EEAB89-5F8F-447B-80C0-F055DBC199D5}.Debug|Any CPU.Build.0 = Debug|Any CPU
		{84EEAB89-5F8F-447B-80C0-F055DBC199D5}.Release|Any CPU.ActiveCfg = Release|Any CPU
		{84EEAB89-5F8F-447B-80C0-F055DBC199D5}.Release|Any CPU.Build.0 = Release|Any CPU
		{2B2DD66B-CE1B-49BE-A3FA-90EAFBB72533}.Debug|Any CPU.ActiveCfg = Debug|Any CPU
		{2B2DD66B-CE1B-49BE-A3FA-90EAFBB72533}.Debug|Any CPU.Build.0 = Debug|Any CPU
		{2B2DD66B-CE1B-49BE-A3FA-90EAFBB72533}.Release|Any CPU.ActiveCfg = Release|Any CPU
		{2B2DD66B-CE1B-49BE-A3FA-90EAFBB72533}.Release|Any CPU.Build.0 = Release|Any CPU
		{386E064C-077A-45F0-946A-08E753B85C7F}.Debug|Any CPU.ActiveCfg = Debug|Any CPU
		{386E064C-077A-45F0-946A-08E753B85C7F}.Debug|Any CPU.Build.0 = Debug|Any CPU
		{386E064C-077A-45F0-946A-08E753B85C7F}.Release|Any CPU.ActiveCfg = Release|Any CPU
		{386E064C-077A-45F0-946A-08E753B85C7F}.Release|Any CPU.Build.0 = Release|Any CPU
		{4257B4E5-302A-42C4-B0C8-EF2E05F7B294}.Debug|Any CPU.ActiveCfg = Debug|Any CPU
		{4257B4E5-302A-42C4-B0C8-EF2E05F7B294}.Debug|Any CPU.Build.0 = Debug|Any CPU
		{4257B4E5-302A-42C4-B0C8-EF2E05F7B294}.Release|Any CPU.ActiveCfg = Release|Any CPU
		{4257B4E5-302A-42C4-B0C8-EF2E05F7B294}.Release|Any CPU.Build.0 = Release|Any CPU
		{96E50743-485D-46B3-9947-27A41AB6CC3A}.Debug|Any CPU.ActiveCfg = Debug|Any CPU
		{96E50743-485D-46B3-9947-27A41AB6CC3A}.Debug|Any CPU.Build.0 = Debug|Any CPU
		{96E50743-485D-46B3-9947-27A41AB6CC3A}.Release|Any CPU.ActiveCfg = Release|Any CPU
		{96E50743-485D-46B3-9947-27A41AB6CC3A}.Release|Any CPU.Build.0 = Release|Any CPU
		{76D36682-D784-4886-AC04-4C61E997E751}.Debug|Any CPU.ActiveCfg = Debug|Any CPU
		{76D36682-D784-4886-AC04-4C61E997E751}.Debug|Any CPU.Build.0 = Debug|Any CPU
		{76D36682-D784-4886-AC04-4C61E997E751}.Release|Any CPU.ActiveCfg = Release|Any CPU
		{76D36682-D784-4886-AC04-4C61E997E751}.Release|Any CPU.Build.0 = Release|Any CPU
		{A8652F3A-18F3-47DB-B2AB-19785800BDED}.Debug|Any CPU.ActiveCfg = Debug|Any CPU
		{A8652F3A-18F3-47DB-B2AB-19785800BDED}.Debug|Any CPU.Build.0 = Debug|Any CPU
		{A8652F3A-18F3-47DB-B2AB-19785800BDED}.Release|Any CPU.ActiveCfg = Release|Any CPU
		{A8652F3A-18F3-47DB-B2AB-19785800BDED}.Release|Any CPU.Build.0 = Release|Any CPU
		{64115472-7FC4-416C-B4BC-E7992C4F6354}.Debug|Any CPU.ActiveCfg = Debug|Any CPU
		{64115472-7FC4-416C-B4BC-E7992C4F6354}.Debug|Any CPU.Build.0 = Debug|Any CPU
		{64115472-7FC4-416C-B4BC-E7992C4F6354}.Release|Any CPU.ActiveCfg = Release|Any CPU
		{64115472-7FC4-416C-B4BC-E7992C4F6354}.Release|Any CPU.Build.0 = Release|Any CPU
		{071722CB-3773-4DE7-87B4-CFFF49ACF489}.Debug|Any CPU.ActiveCfg = Debug|Any CPU
		{071722CB-3773-4DE7-87B4-CFFF49ACF489}.Debug|Any CPU.Build.0 = Debug|Any CPU
		{071722CB-3773-4DE7-87B4-CFFF49ACF489}.Release|Any CPU.ActiveCfg = Release|Any CPU
		{071722CB-3773-4DE7-87B4-CFFF49ACF489}.Release|Any CPU.Build.0 = Release|Any CPU
		{804A2088-C24A-4D27-9BC6-B62FFACEDD0F}.Debug|Any CPU.ActiveCfg = Debug|Any CPU
		{804A2088-C24A-4D27-9BC6-B62FFACEDD0F}.Debug|Any CPU.Build.0 = Debug|Any CPU
		{804A2088-C24A-4D27-9BC6-B62FFACEDD0F}.Release|Any CPU.ActiveCfg = Release|Any CPU
		{804A2088-C24A-4D27-9BC6-B62FFACEDD0F}.Release|Any CPU.Build.0 = Release|Any CPU
		{E731BFC8-3F39-4B7C-B022-F6C637EA245A}.Debug|Any CPU.ActiveCfg = Debug|Any CPU
		{E731BFC8-3F39-4B7C-B022-F6C637EA245A}.Debug|Any CPU.Build.0 = Debug|Any CPU
		{E731BFC8-3F39-4B7C-B022-F6C637EA245A}.Release|Any CPU.ActiveCfg = Release|Any CPU
		{E731BFC8-3F39-4B7C-B022-F6C637EA245A}.Release|Any CPU.Build.0 = Release|Any CPU
		{E9088A0C-4423-4E6B-B572-53711AB888C1}.Debug|Any CPU.ActiveCfg = Debug|Any CPU
		{E9088A0C-4423-4E6B-B572-53711AB888C1}.Debug|Any CPU.Build.0 = Debug|Any CPU
		{E9088A0C-4423-4E6B-B572-53711AB888C1}.Release|Any CPU.ActiveCfg = Release|Any CPU
		{E9088A0C-4423-4E6B-B572-53711AB888C1}.Release|Any CPU.Build.0 = Release|Any CPU
		{93ED8B6D-CF39-4576-84F1-2A0F38539078}.Debug|Any CPU.ActiveCfg = Debug|Any CPU
		{93ED8B6D-CF39-4576-84F1-2A0F38539078}.Debug|Any CPU.Build.0 = Debug|Any CPU
		{93ED8B6D-CF39-4576-84F1-2A0F38539078}.Release|Any CPU.ActiveCfg = Release|Any CPU
		{93ED8B6D-CF39-4576-84F1-2A0F38539078}.Release|Any CPU.Build.0 = Release|Any CPU
	EndGlobalSection
	GlobalSection(SolutionProperties) = preSolution
		HideSolutionNode = FALSE
	EndGlobalSection
	GlobalSection(NestedProjects) = preSolution
		{6B182E04-C3CA-48CE-AA82-9AE51E84CBF6} = {E2917A97-72EE-4B6D-AED6-3B143B9D2C26}
		{7F8DCC0D-5750-4D2F-97A4-1A6011214A0E} = {E2917A97-72EE-4B6D-AED6-3B143B9D2C26}
		{4F8E1750-AF17-4D93-9B86-A6FBC7D0DCBF} = {01DCC4C8-978E-4887-A386-CEE998E8ACC2}
		{B99154EE-1EF6-4352-A55A-6BB3C05BEB77} = {01DCC4C8-978E-4887-A386-CEE998E8ACC2}
		{2452F403-471E-4070-B4ED-16B5F193E0E5} = {01DCC4C8-978E-4887-A386-CEE998E8ACC2}
		{5B6F3F96-6ED7-44CA-99CC-C6DD4FE1BC15} = {B99154EE-1EF6-4352-A55A-6BB3C05BEB77}
		{64F323C7-10CA-48A6-9D9F-F698F2612C0E} = {B99154EE-1EF6-4352-A55A-6BB3C05BEB77}
		{A7EF4070-4668-4341-9B63-5F5A1E6F0EF0} = {B99154EE-1EF6-4352-A55A-6BB3C05BEB77}
		{C69F57D1-ADA5-4052-8417-059EE136C643} = {B99154EE-1EF6-4352-A55A-6BB3C05BEB77}
		{0ED5EBBC-06EA-48BB-BEA3-2934A76DA061} = {2452F403-471E-4070-B4ED-16B5F193E0E5}
		{57452542-506E-484E-B9E3-5748C3BDCC0A} = {2452F403-471E-4070-B4ED-16B5F193E0E5}
		{A96EB1E6-15D1-44B5-9903-A13539C2ACE3} = {2452F403-471E-4070-B4ED-16B5F193E0E5}
		{4798E853-1F9C-43AA-B846-44B067CD1A14} = {2452F403-471E-4070-B4ED-16B5F193E0E5}
		{6950060A-8709-4CBC-8DF2-D816C94325D8} = {5B6F3F96-6ED7-44CA-99CC-C6DD4FE1BC15}
		{99CEC03C-3B65-4B92-8C76-D20362ED35C6} = {64F323C7-10CA-48A6-9D9F-F698F2612C0E}
		{80F1D750-F203-435F-A4AE-79A1DDDF2394} = {64F323C7-10CA-48A6-9D9F-F698F2612C0E}
		{CCE2269C-38AF-4E23-B6E7-BE7BF57561F8} = {A7EF4070-4668-4341-9B63-5F5A1E6F0EF0}
		{9EE85389-3520-4B45-8CA3-4EBB4D578405} = {C69F57D1-ADA5-4052-8417-059EE136C643}
		{84EEAB89-5F8F-447B-80C0-F055DBC199D5} = {0ED5EBBC-06EA-48BB-BEA3-2934A76DA061}
		{2B2DD66B-CE1B-49BE-A3FA-90EAFBB72533} = {57452542-506E-484E-B9E3-5748C3BDCC0A}
		{386E064C-077A-45F0-946A-08E753B85C7F} = {57452542-506E-484E-B9E3-5748C3BDCC0A}
		{4257B4E5-302A-42C4-B0C8-EF2E05F7B294} = {4798E853-1F9C-43AA-B846-44B067CD1A14}
		{4B08E860-6968-430A-995F-5CE592BD2186} = {4F8E1750-AF17-4D93-9B86-A6FBC7D0DCBF}
		{D767693E-B7B6-4245-8BB9-127A079597B8} = {4F8E1750-AF17-4D93-9B86-A6FBC7D0DCBF}
		{253B2E9C-BE34-4C4D-8534-926C44C2455E} = {4F8E1750-AF17-4D93-9B86-A6FBC7D0DCBF}
		{8979E4C9-1759-49A1-A10B-2D9DEEDD22D7} = {4F8E1750-AF17-4D93-9B86-A6FBC7D0DCBF}
		{96E50743-485D-46B3-9947-27A41AB6CC3A} = {4B08E860-6968-430A-995F-5CE592BD2186}
		{76D36682-D784-4886-AC04-4C61E997E751} = {D767693E-B7B6-4245-8BB9-127A079597B8}
		{A8652F3A-18F3-47DB-B2AB-19785800BDED} = {D767693E-B7B6-4245-8BB9-127A079597B8}
		{64115472-7FC4-416C-B4BC-E7992C4F6354} = {8979E4C9-1759-49A1-A10B-2D9DEEDD22D7}
		{071722CB-3773-4DE7-87B4-CFFF49ACF489} = {E2917A97-72EE-4B6D-AED6-3B143B9D2C26}
		{804A2088-C24A-4D27-9BC6-B62FFACEDD0F} = {E2917A97-72EE-4B6D-AED6-3B143B9D2C26}
		{E731BFC8-3F39-4B7C-B022-F6C637EA245A} = {E2917A97-72EE-4B6D-AED6-3B143B9D2C26}
		{E9088A0C-4423-4E6B-B572-53711AB888C1} = {A96EB1E6-15D1-44B5-9903-A13539C2ACE3}
		{93ED8B6D-CF39-4576-84F1-2A0F38539078} = {253B2E9C-BE34-4C4D-8534-926C44C2455E}
	EndGlobalSection
	GlobalSection(ExtensibilityGlobals) = postSolution
		SolutionGuid = {D422F5AB-E7A1-47ED-8804-51144924F2A0}
	EndGlobalSection
EndGlobal
